
Microsoft Visual Studio Solution File, Format Version 12.00
# Visual Studio Version 17
VisualStudioVersion = 17.1.32203.90
MinimumVisualStudioVersion = 10.0.40219.1
Project("{E9F835D5-133E-4B7F-BF79-240AD8DD506C}") = "Scp 244 is illegal", "Scp 244 is illegal.csproj", "{C954FDF4-1859-4E3A-87C9-67368020475F}"
EndProject
Global
	GlobalSection(SolutionConfigurationPlatforms) = preSolution
		Debug|Any CPU = Debug|Any CPU
		Release|Any CPU = Release|Any CPU
	EndGlobalSection
	GlobalSection(ProjectConfigurationPlatforms) = postSolution
		{C954FDF4-1859-4E3A-87C9-67368020475F}.Debug|Any CPU.ActiveCfg = Debug|Any CPU
		{C954FDF4-1859-4E3A-87C9-67368020475F}.Debug|Any CPU.Build.0 = Debug|Any CPU
		{C954FDF4-1859-4E3A-87C9-67368020475F}.Release|Any CPU.ActiveCfg = Release|Any CPU
		{C954FDF4-1859-4E3A-87C9-67368020475F}.Release|Any CPU.Build.0 = Release|Any CPU
	EndGlobalSection
	GlobalSection(SolutionProperties) = preSolution
		HideSolutionNode = FALSE
	EndGlobalSection
	GlobalSection(ExtensibilityGlobals) = postSolution
		SolutionGuid = {75FB94E1-1917-4EED-9F38-46DEF7B2948D}
	EndGlobalSection
EndGlobal
